
Microsoft Visual Studio Solution File, Format Version 12.00
# Visual Studio Version 17
VisualStudioVersion = 17.3.32825.248
MinimumVisualStudioVersion = 10.0.40219.1
Project("{FAE04EC0-301F-11D3-BF4B-00C04F79EFBC}") = "MVCProjeKampi", "MVCProjeKampi\MVCProjeKampi.csproj", "{91A58064-0DD1-423A-8DC5-E48E7FE80398}"
EndProject
Project("{FAE04EC0-301F-11D3-BF4B-00C04F79EFBC}") = "Entities", "Entity\Entities.csproj", "{E8AC2C67-5355-42E0-AC4C-7320E1609DE9}"
EndProject
Project("{FAE04EC0-301F-11D3-BF4B-00C04F79EFBC}") = "DataAccess", "DataAccess\DataAccess.csproj", "{A3777949-21C5-4255-AE12-730F75DE14CF}"
EndProject
Project("{FAE04EC0-301F-11D3-BF4B-00C04F79EFBC}") = "Business", "Business\Business.csproj", "{EB95DAEF-D710-4553-9168-25C42E63E5E8}"
EndProject
Global
	GlobalSection(SolutionConfigurationPlatforms) = preSolution
		Debug|Any CPU = Debug|Any CPU
		Release|Any CPU = Release|Any CPU
	EndGlobalSection
	GlobalSection(ProjectConfigurationPlatforms) = postSolution
		{91A58064-0DD1-423A-8DC5-E48E7FE80398}.Debug|Any CPU.ActiveCfg = Debug|Any CPU
		{91A58064-0DD1-423A-8DC5-E48E7FE80398}.Debug|Any CPU.Build.0 = Debug|Any CPU
		{91A58064-0DD1-423A-8DC5-E48E7FE80398}.Release|Any CPU.ActiveCfg = Release|Any CPU
		{91A58064-0DD1-423A-8DC5-E48E7FE80398}.Release|Any CPU.Build.0 = Release|Any CPU
		{E8AC2C67-5355-42E0-AC4C-7320E1609DE9}.Debug|Any CPU.ActiveCfg = Debug|Any CPU
		{E8AC2C67-5355-42E0-AC4C-7320E1609DE9}.Debug|Any CPU.Build.0 = Debug|Any CPU
		{E8AC2C67-5355-42E0-AC4C-7320E1609DE9}.Release|Any CPU.ActiveCfg = Release|Any CPU
		{E8AC2C67-5355-42E0-AC4C-7320E1609DE9}.Release|Any CPU.Build.0 = Release|Any CPU
		{A3777949-21C5-4255-AE12-730F75DE14CF}.Debug|Any CPU.ActiveCfg = Debug|Any CPU
		{A3777949-21C5-4255-AE12-730F75DE14CF}.Debug|Any CPU.Build.0 = Debug|Any CPU
		{A3777949-21C5-4255-AE12-730F75DE14CF}.Release|Any CPU.ActiveCfg = Release|Any CPU
		{A3777949-21C5-4255-AE12-730F75DE14CF}.Release|Any CPU.Build.0 = Release|Any CPU
		{EB95DAEF-D710-4553-9168-25C42E63E5E8}.Debug|Any CPU.ActiveCfg = Debug|Any CPU
		{EB95DAEF-D710-4553-9168-25C42E63E5E8}.Debug|Any CPU.Build.0 = Debug|Any CPU
		{EB95DAEF-D710-4553-9168-25C42E63E5E8}.Release|Any CPU.ActiveCfg = Release|Any CPU
		{EB95DAEF-D710-4553-9168-25C42E63E5E8}.Release|Any CPU.Build.0 = Release|Any CPU
	EndGlobalSection
	GlobalSection(SolutionProperties) = preSolution
		HideSolutionNode = FALSE
	EndGlobalSection
	GlobalSection(ExtensibilityGlobals) = postSolution
		SolutionGuid = {FB19ABB6-CD14-430E-9BD7-D3B377E2B9ED}
	EndGlobalSection
EndGlobal
